<?xml version="1.0" encoding="utf-8"?>
<Project ToolsVersion="4.0" xmlns="http://schemas.microsoft.com/developer/msbuild/2003">
  <ItemGroup>
    <Filter Include="Source Files">
      <UniqueIdentifier>{4FC737F1-C7A5-4376-A066-2A32D752A2FF}</UniqueIdentifier>
      <Extensions>cpp;c;cc;cxx;c++;cppm;ixx;def;odl;idl;hpj;bat;asm;asmx</Extensions>
    </Filter>
    <Filter Include="Header Files">
      <UniqueIdentifier>{93995380-89BD-4b04-88EB-625FBE52EBFB}</UniqueIdentifier>
      <Extensions>h;hh;hpp;hxx;h++;hm;inl;inc;ipp;xsd</Extensions>
    </Filter>
    <Filter Include="Resource Files">
      <UniqueIdentifier>{67DA6AB6-F800-4c08-8B7A-83BB121AAD01}</UniqueIdentifier>
      <Extensions>rc;ico;cur;bmp;dlg;rc2;rct;bin;rgs;gif;jpg;jpeg;jpe;resx;tiff;tif;png;wav;mfcribbon-ms</Extensions>
    </Filter>
  </ItemGroup>
  <ItemGroup>
    <Image Include="..\my_dragon_ico.ico">
      <Filter>Resource Files</Filter>
    </Image>
  </ItemGroup>
  <ItemGroup>
    <None Include="..\..\..\..\(+)my_goods\(+)Oxdan_Praduction\Oxdan-Dragon-C\.vs\Oxdan-Dragon-C\v17\workspaceFileList.bin">
      <Filter>Resource Files</Filter>
    </None>
  </ItemGroup>
  <ItemGroup>
    <ClCompile Include="..\..\..\..\(+)my_goods\(+)Oxdan_Praduction\Oxdan-Dragon-C\CONSOLE-OXDAN-DRAGON-C\CONSOLE-OXDAN-DRAGON-C++.cpp">
      <Filter>Source Files</Filter>
    </ClCompile>
    <ClCompile Include="..\..\..\..\(+)my_goods\(+)Oxdan_Praduction\Oxdan-Dragon-C\CONSOLE-OXDAN-DRAGON-C\includes\own\Accounts.cpp">
      <Filter>Source Files</Filter>
    </ClCompile>
    <ClCompile Include="..\..\..\..\(+)my_goods\(+)Oxdan_Praduction\Oxdan-Dragon-C\CONSOLE-OXDAN-DRAGON-C\includes\own\arkanoid_Ball.cpp">
      <Filter>Source Files</Filter>
    </ClCompile>
    <ClCompile Include="..\..\..\..\(+)my_goods\(+)Oxdan_Praduction\Oxdan-Dragon-C\CONSOLE-OXDAN-DRAGON-C\includes\own\arkanoid_resource.cpp">
      <Filter>Source Files</Filter>
    </ClCompile>
    <ClCompile Include="..\..\..\..\(+)my_goods\(+)Oxdan_Praduction\Oxdan-Dragon-C\CONSOLE-OXDAN-DRAGON-C\includes\own\arkanoid_start.cpp">
      <Filter>Source Files</Filter>
    </ClCompile>
    <ClCompile Include="..\..\..\..\(+)my_goods\(+)Oxdan_Praduction\Oxdan-Dragon-C\CONSOLE-OXDAN-DRAGON-C\includes\own\ascii_code_start.cpp">
      <Filter>Source Files</Filter>
    </ClCompile>
    <ClCompile Include="..\..\..\..\(+)my_goods\(+)Oxdan_Praduction\Oxdan-Dragon-C\CONSOLE-OXDAN-DRAGON-C\includes\own\author_start.cpp">
      <Filter>Source Files</Filter>
    </ClCompile>
    <ClCompile Include="..\..\..\..\(+)my_goods\(+)Oxdan_Praduction\Oxdan-Dragon-C\CONSOLE-OXDAN-DRAGON-C\includes\own\auto_clicker_start.cpp">
      <Filter>Source Files</Filter>
    </ClCompile>
    <ClCompile Include="..\..\..\..\(+)my_goods\(+)Oxdan_Praduction\Oxdan-Dragon-C\CONSOLE-OXDAN-DRAGON-C\includes\own\battle_city_start_battle_city.cpp">
      <Filter>Source Files</Filter>
    </ClCompile>
    <ClCompile Include="..\..\..\..\(+)my_goods\(+)Oxdan_Praduction\Oxdan-Dragon-C\CONSOLE-OXDAN-DRAGON-C\includes\own\calculator_start.cpp">
      <Filter>Source Files</Filter>
    </ClCompile>
    <ClCompile Include="..\..\..\..\(+)my_goods\(+)Oxdan_Praduction\Oxdan-Dragon-C\CONSOLE-OXDAN-DRAGON-C\includes\own\calendar_start.cpp">
      <Filter>Source Files</Filter>
    </ClCompile>
    <ClCompile Include="..\..\..\..\(+)my_goods\(+)Oxdan_Praduction\Oxdan-Dragon-C\CONSOLE-OXDAN-DRAGON-C\includes\own\car_racing_start.cpp">
      <Filter>Source Files</Filter>
    </ClCompile>
    <ClCompile Include="..\..\..\..\(+)my_goods\(+)Oxdan_Praduction\Oxdan-Dragon-C\CONSOLE-OXDAN-DRAGON-C\includes\own\checkers_2_start.cpp">
      <Filter>Source Files</Filter>
    </ClCompile>
    <ClCompile Include="..\..\..\..\(+)my_goods\(+)Oxdan_Praduction\Oxdan-Dragon-C\CONSOLE-OXDAN-DRAGON-C\includes\own\checkers_ai_start_checkers.cpp">
      <Filter>Source Files</Filter>
    </ClCompile>
    <ClCompile Include="..\..\..\..\(+)my_goods\(+)Oxdan_Praduction\Oxdan-Dragon-C\CONSOLE-OXDAN-DRAGON-C\includes\own\check_start_start.cpp">
      <Filter>Source Files</Filter>
    </ClCompile>
    <ClCompile Include="..\..\..\..\(+)my_goods\(+)Oxdan_Praduction\Oxdan-Dragon-C\CONSOLE-OXDAN-DRAGON-C\includes\own\chess_2_start.cpp">
      <Filter>Source Files</Filter>
    </ClCompile>
    <ClCompile Include="..\..\..\..\(+)my_goods\(+)Oxdan_Praduction\Oxdan-Dragon-C\CONSOLE-OXDAN-DRAGON-C\includes\own\chess_ai_start.cpp">
      <Filter>Source Files</Filter>
    </ClCompile>
    <ClCompile Include="..\..\..\..\(+)my_goods\(+)Oxdan_Praduction\Oxdan-Dragon-C\CONSOLE-OXDAN-DRAGON-C\includes\own\color_back_start.cpp">
      <Filter>Source Files</Filter>
    </ClCompile>
    <ClCompile Include="..\..\..\..\(+)my_goods\(+)Oxdan_Praduction\Oxdan-Dragon-C\CONSOLE-OXDAN-DRAGON-C\includes\own\color_start.cpp">
      <Filter>Source Files</Filter>
    </ClCompile>
    <ClCompile Include="..\..\..\..\(+)my_goods\(+)Oxdan_Praduction\Oxdan-Dragon-C\CONSOLE-OXDAN-DRAGON-C\includes\own\Commands.cpp">
      <Filter>Source Files</Filter>
    </ClCompile>
    <ClCompile Include="..\..\..\..\(+)my_goods\(+)Oxdan_Praduction\Oxdan-Dragon-C\CONSOLE-OXDAN-DRAGON-C\includes\own\commands_start.cpp">
      <Filter>Source Files</Filter>
    </ClCompile>
    <ClCompile Include="..\..\..\..\(+)my_goods\(+)Oxdan_Praduction\Oxdan-Dragon-C\CONSOLE-OXDAN-DRAGON-C\includes\own\con_wifi_start.cpp">
      <Filter>Source Files</Filter>
    </ClCompile>
    <ClCompile Include="..\..\..\..\(+)my_goods\(+)Oxdan_Praduction\Oxdan-Dragon-C\CONSOLE-OXDAN-DRAGON-C\includes\own\cor_desk_start.cpp">
      <Filter>Source Files</Filter>
    </ClCompile>
    <ClCompile Include="..\..\..\..\(+)my_goods\(+)Oxdan_Praduction\Oxdan-Dragon-C\CONSOLE-OXDAN-DRAGON-C\includes\own\cuaser_cipher_start.cpp">
      <Filter>Source Files</Filter>
    </ClCompile>
    <ClCompile Include="..\..\..\..\(+)my_goods\(+)Oxdan_Praduction\Oxdan-Dragon-C\CONSOLE-OXDAN-DRAGON-C\includes\own\cur_conv_start.cpp">
      <Filter>Source Files</Filter>
    </ClCompile>
    <ClCompile Include="..\..\..\..\(+)my_goods\(+)Oxdan_Praduction\Oxdan-Dragon-C\CONSOLE-OXDAN-DRAGON-C\includes\own\del_account_start.cpp">
      <Filter>Source Files</Filter>
    </ClCompile>
    <ClCompile Include="..\..\..\..\(+)my_goods\(+)Oxdan_Praduction\Oxdan-Dragon-C\CONSOLE-OXDAN-DRAGON-C\includes\own\dictaphone_start.cpp">
      <Filter>Source Files</Filter>
    </ClCompile>
    <ClCompile Include="..\..\..\..\(+)my_goods\(+)Oxdan_Praduction\Oxdan-Dragon-C\CONSOLE-OXDAN-DRAGON-C\includes\own\donators_start.cpp">
      <Filter>Source Files</Filter>
    </ClCompile>
    <ClCompile Include="..\..\..\..\(+)my_goods\(+)Oxdan_Praduction\Oxdan-Dragon-C\CONSOLE-OXDAN-DRAGON-C\includes\own\Elses.cpp">
      <Filter>Source Files</Filter>
    </ClCompile>
    <ClCompile Include="..\..\..\..\(+)my_goods\(+)Oxdan_Praduction\Oxdan-Dragon-C\CONSOLE-OXDAN-DRAGON-C\includes\own\energy_start.cpp">
      <Filter>Source Files</Filter>
    </ClCompile>
    <ClCompile Include="..\..\..\..\(+)my_goods\(+)Oxdan_Praduction\Oxdan-Dragon-C\CONSOLE-OXDAN-DRAGON-C\includes\own\firsts_tart.cpp">
      <Filter>Source Files</Filter>
    </ClCompile>
    <ClCompile Include="..\..\..\..\(+)my_goods\(+)Oxdan_Praduction\Oxdan-Dragon-C\CONSOLE-OXDAN-DRAGON-C\includes\own\flappy_bird_start.cpp">
      <Filter>Source Files</Filter>
    </ClCompile>
    <ClCompile Include="..\..\..\..\(+)my_goods\(+)Oxdan_Praduction\Oxdan-Dragon-C\CONSOLE-OXDAN-DRAGON-C\includes\own\Games.cpp">
      <Filter>Source Files</Filter>
    </ClCompile>
    <ClCompile Include="..\..\..\..\(+)my_goods\(+)Oxdan_Praduction\Oxdan-Dragon-C\CONSOLE-OXDAN-DRAGON-C\includes\own\game_tetris.cpp">
      <Filter>Source Files</Filter>
    </ClCompile>
    <ClCompile Include="..\..\..\..\(+)my_goods\(+)Oxdan_Praduction\Oxdan-Dragon-C\CONSOLE-OXDAN-DRAGON-C\includes\own\gdi_virus_start.cpp">
      <Filter>Source Files</Filter>
    </ClCompile>
    <ClCompile Include="..\..\..\..\(+)my_goods\(+)Oxdan_Praduction\Oxdan-Dragon-C\CONSOLE-OXDAN-DRAGON-C\includes\own\gotoxy.cpp">
      <Filter>Source Files</Filter>
    </ClCompile>
    <ClCompile Include="..\..\..\..\(+)my_goods\(+)Oxdan_Praduction\Oxdan-Dragon-C\CONSOLE-OXDAN-DRAGON-C\includes\own\guess_number_start.cpp">
      <Filter>Source Files</Filter>
    </ClCompile>
    <ClCompile Include="..\..\..\..\(+)my_goods\(+)Oxdan_Praduction\Oxdan-Dragon-C\CONSOLE-OXDAN-DRAGON-C\includes\own\Hacker_Stuffs.cpp">
      <Filter>Source Files</Filter>
    </ClCompile>
    <ClCompile Include="..\..\..\..\(+)my_goods\(+)Oxdan_Praduction\Oxdan-Dragon-C\CONSOLE-OXDAN-DRAGON-C\includes\own\hangman_start.cpp">
      <Filter>Source Files</Filter>
    </ClCompile>
    <ClCompile Include="..\..\..\..\(+)my_goods\(+)Oxdan_Praduction\Oxdan-Dragon-C\CONSOLE-OXDAN-DRAGON-C\includes\own\helpers_start.cpp">
      <Filter>Source Files</Filter>
    </ClCompile>
    <ClCompile Include="..\..\..\..\(+)my_goods\(+)Oxdan_Praduction\Oxdan-Dragon-C\CONSOLE-OXDAN-DRAGON-C\includes\own\hideCursor.cpp">
      <Filter>Source Files</Filter>
    </ClCompile>
    <ClCompile Include="..\..\..\..\(+)my_goods\(+)Oxdan_Praduction\Oxdan-Dragon-C\CONSOLE-OXDAN-DRAGON-C\includes\own\includes\battle_city\source\Application_battle_city.cpp">
      <Filter>Source Files</Filter>
    </ClCompile>
    <ClCompile Include="..\..\..\..\(+)my_goods\(+)Oxdan_Praduction\Oxdan-Dragon-C\CONSOLE-OXDAN-DRAGON-C\includes\own\includes\battle_city\source\Base_battle_city.cpp">
      <Filter>Source Files</Filter>
    </ClCompile>
    <ClCompile Include="..\..\..\..\(+)my_goods\(+)Oxdan_Praduction\Oxdan-Dragon-C\CONSOLE-OXDAN-DRAGON-C\includes\own\includes\battle_city\source\Bullet_battle_city.cpp">
      <Filter>Source Files</Filter>
    </ClCompile>
    <ClCompile Include="..\..\..\..\(+)my_goods\(+)Oxdan_Praduction\Oxdan-Dragon-C\CONSOLE-OXDAN-DRAGON-C\includes\own\includes\battle_city\source\Enemy_battle_city.cpp">
      <Filter>Source Files</Filter>
    </ClCompile>
    <ClCompile Include="..\..\..\..\(+)my_goods\(+)Oxdan_Praduction\Oxdan-Dragon-C\CONSOLE-OXDAN-DRAGON-C\includes\own\includes\battle_city\source\Map_battle_city.cpp">
      <Filter>Source Files</Filter>
    </ClCompile>
    <ClCompile Include="..\..\..\..\(+)my_goods\(+)Oxdan_Praduction\Oxdan-Dragon-C\CONSOLE-OXDAN-DRAGON-C\includes\own\includes\battle_city\source\Message_battle_city.cpp">
      <Filter>Source Files</Filter>
    </ClCompile>
    <ClCompile Include="..\..\..\..\(+)my_goods\(+)Oxdan_Praduction\Oxdan-Dragon-C\CONSOLE-OXDAN-DRAGON-C\includes\own\includes\battle_city\source\Player_battle_city.cpp">
      <Filter>Source Files</Filter>
    </ClCompile>
    <ClCompile Include="..\..\..\..\(+)my_goods\(+)Oxdan_Praduction\Oxdan-Dragon-C\CONSOLE-OXDAN-DRAGON-C\includes\own\includes\battle_city\source\Tank_battle_city.cpp">
      <Filter>Source Files</Filter>
    </ClCompile>
    <ClCompile Include="..\..\..\..\(+)my_goods\(+)Oxdan_Praduction\Oxdan-Dragon-C\CONSOLE-OXDAN-DRAGON-C\includes\own\includes\checkers\checkers_2\Checker.cpp">
      <Filter>Source Files</Filter>
    </ClCompile>
    <ClCompile Include="..\..\..\..\(+)my_goods\(+)Oxdan_Praduction\Oxdan-Dragon-C\CONSOLE-OXDAN-DRAGON-C\includes\own\includes\checkers\checkers_2\Highlight.cpp">
      <Filter>Source Files</Filter>
    </ClCompile>
    <ClCompile Include="..\..\..\..\(+)my_goods\(+)Oxdan_Praduction\Oxdan-Dragon-C\CONSOLE-OXDAN-DRAGON-C\includes\own\includes\checkers\checkers_2\Square.cpp">
      <Filter>Source Files</Filter>
    </ClCompile>
    <ClCompile Include="..\..\..\..\(+)my_goods\(+)Oxdan_Praduction\Oxdan-Dragon-C\CONSOLE-OXDAN-DRAGON-C\includes\own\includes\checkers\checkers_ai\AI_checkers.cpp">
      <Filter>Source Files</Filter>
    </ClCompile>
    <ClCompile Include="..\..\..\..\(+)my_goods\(+)Oxdan_Praduction\Oxdan-Dragon-C\CONSOLE-OXDAN-DRAGON-C\includes\own\includes\checkers\checkers_ai\ApplicationStateManager_checkers.cpp">
      <Filter>Source Files</Filter>
    </ClCompile>
    <ClCompile Include="..\..\..\..\(+)my_goods\(+)Oxdan_Praduction\Oxdan-Dragon-C\CONSOLE-OXDAN-DRAGON-C\includes\own\includes\checkers\checkers_ai\ApplicationState_checkers.cpp">
      <Filter>Source Files</Filter>
    </ClCompile>
    <ClCompile Include="..\..\..\..\(+)my_goods\(+)Oxdan_Praduction\Oxdan-Dragon-C\CONSOLE-OXDAN-DRAGON-C\includes\own\includes\checkers\checkers_ai\Application_checkers.cpp">
      <Filter>Source Files</Filter>
    </ClCompile>
    <ClCompile Include="..\..\..\..\(+)my_goods\(+)Oxdan_Praduction\Oxdan-Dragon-C\CONSOLE-OXDAN-DRAGON-C\includes\own\includes\checkers\checkers_ai\Button_checkers.cpp">
      <Filter>Source Files</Filter>
    </ClCompile>
    <ClCompile Include="..\..\..\..\(+)my_goods\(+)Oxdan_Praduction\Oxdan-Dragon-C\CONSOLE-OXDAN-DRAGON-C\includes\own\includes\checkers\checkers_ai\CheckersBoard_checkers.cpp">
      <Filter>Source Files</Filter>
    </ClCompile>
    <ClCompile Include="..\..\..\..\(+)my_goods\(+)Oxdan_Praduction\Oxdan-Dragon-C\CONSOLE-OXDAN-DRAGON-C\includes\own\includes\checkers\checkers_ai\GameOverState_checkers.cpp">
      <Filter>Source Files</Filter>
    </ClCompile>
    <ClCompile Include="..\..\..\..\(+)my_goods\(+)Oxdan_Praduction\Oxdan-Dragon-C\CONSOLE-OXDAN-DRAGON-C\includes\own\includes\checkers\checkers_ai\GameState_checkers.cpp">
      <Filter>Source Files</Filter>
    </ClCompile>
    <ClCompile Include="..\..\..\..\(+)my_goods\(+)Oxdan_Praduction\Oxdan-Dragon-C\CONSOLE-OXDAN-DRAGON-C\includes\own\includes\checkers\checkers_ai\MenuState_checkers.cpp">
      <Filter>Source Files</Filter>
    </ClCompile>
    <ClCompile Include="..\..\..\..\(+)my_goods\(+)Oxdan_Praduction\Oxdan-Dragon-C\CONSOLE-OXDAN-DRAGON-C\includes\own\includes\checkers\checkers_ai\Piece_checkers.cpp">
      <Filter>Source Files</Filter>
    </ClCompile>
    <ClCompile Include="..\..\..\..\(+)my_goods\(+)Oxdan_Praduction\Oxdan-Dragon-C\CONSOLE-OXDAN-DRAGON-C\includes\own\includes\checkers\checkers_ai\Player_checkers.cpp">
      <Filter>Source Files</Filter>
    </ClCompile>
    <ClCompile Include="..\..\..\..\(+)my_goods\(+)Oxdan_Praduction\Oxdan-Dragon-C\CONSOLE-OXDAN-DRAGON-C\includes\own\includes\checkers\checkers_ai\RealPlayer_checkers.cpp">
      <Filter>Source Files</Filter>
    </ClCompile>
    <ClCompile Include="..\..\..\..\(+)my_goods\(+)Oxdan_Praduction\Oxdan-Dragon-C\CONSOLE-OXDAN-DRAGON-C\includes\own\includes\checkers\checkers_ai\Texture_checkers.cpp">
      <Filter>Source Files</Filter>
    </ClCompile>
    <ClCompile Include="..\..\..\..\(+)my_goods\(+)Oxdan_Praduction\Oxdan-Dragon-C\CONSOLE-OXDAN-DRAGON-C\includes\own\includes\chess\chess_2\Bishop.cpp">
      <Filter>Source Files</Filter>
    </ClCompile>
    <ClCompile Include="..\..\..\..\(+)my_goods\(+)Oxdan_Praduction\Oxdan-Dragon-C\CONSOLE-OXDAN-DRAGON-C\includes\own\includes\chess\chess_2\chess.cpp">
      <Filter>Source Files</Filter>
    </ClCompile>
    <ClCompile Include="..\..\..\..\(+)my_goods\(+)Oxdan_Praduction\Oxdan-Dragon-C\CONSOLE-OXDAN-DRAGON-C\includes\own\includes\chess\chess_2\gui_sfml.cpp">
      <Filter>Source Files</Filter>
    </ClCompile>
    <ClCompile Include="..\..\..\..\(+)my_goods\(+)Oxdan_Praduction\Oxdan-Dragon-C\CONSOLE-OXDAN-DRAGON-C\includes\own\includes\chess\chess_2\King.cpp">
      <Filter>Source Files</Filter>
    </ClCompile>
    <ClCompile Include="..\..\..\..\(+)my_goods\(+)Oxdan_Praduction\Oxdan-Dragon-C\CONSOLE-OXDAN-DRAGON-C\includes\own\includes\chess\chess_2\Knight.cpp">
      <Filter>Source Files</Filter>
    </ClCompile>
    <ClCompile Include="..\..\..\..\(+)my_goods\(+)Oxdan_Praduction\Oxdan-Dragon-C\CONSOLE-OXDAN-DRAGON-C\includes\own\includes\chess\chess_2\main.cpp">
      <Filter>Source Files</Filter>
    </ClCompile>
    <ClCompile Include="..\..\..\..\(+)my_goods\(+)Oxdan_Praduction\Oxdan-Dragon-C\CONSOLE-OXDAN-DRAGON-C\includes\own\includes\chess\chess_2\Pawn.cpp">
      <Filter>Source Files</Filter>
    </ClCompile>
    <ClCompile Include="..\..\..\..\(+)my_goods\(+)Oxdan_Praduction\Oxdan-Dragon-C\CONSOLE-OXDAN-DRAGON-C\includes\own\includes\chess\chess_2\Queen.cpp">
      <Filter>Source Files</Filter>
    </ClCompile>
    <ClCompile Include="..\..\..\..\(+)my_goods\(+)Oxdan_Praduction\Oxdan-Dragon-C\CONSOLE-OXDAN-DRAGON-C\includes\own\includes\chess\chess_2\Rook.cpp">
      <Filter>Source Files</Filter>
    </ClCompile>
    <ClCompile Include="..\..\..\..\(+)my_goods\(+)Oxdan_Praduction\Oxdan-Dragon-C\CONSOLE-OXDAN-DRAGON-C\includes\own\includes\chess\chess_2\Space.cpp">
      <Filter>Source Files</Filter>
    </ClCompile>
    <ClCompile Include="..\..\..\..\(+)my_goods\(+)Oxdan_Praduction\Oxdan-Dragon-C\CONSOLE-OXDAN-DRAGON-C\includes\own\includes\chess\chess_ai\board_chess_ai.cpp">
      <Filter>Source Files</Filter>
    </ClCompile>
    <ClCompile Include="..\..\..\..\(+)my_goods\(+)Oxdan_Praduction\Oxdan-Dragon-C\CONSOLE-OXDAN-DRAGON-C\includes\own\includes\chess\chess_ai\eval_chess_ai.cpp">
      <Filter>Source Files</Filter>
    </ClCompile>
    <ClCompile Include="..\..\..\..\(+)my_goods\(+)Oxdan_Praduction\Oxdan-Dragon-C\CONSOLE-OXDAN-DRAGON-C\includes\own\includes\chess\chess_ai\gui_chess_ai.cpp">
      <Filter>Source Files</Filter>
    </ClCompile>
    <ClCompile Include="..\..\..\..\(+)my_goods\(+)Oxdan_Praduction\Oxdan-Dragon-C\CONSOLE-OXDAN-DRAGON-C\includes\own\includes\chess\chess_ai\piece_chess_chess_ai.cpp">
      <Filter>Source Files</Filter>
    </ClCompile>
    <ClCompile Include="..\..\..\..\(+)my_goods\(+)Oxdan_Praduction\Oxdan-Dragon-C\CONSOLE-OXDAN-DRAGON-C\includes\own\includes\chess\chess_ai\search_chess_ai.cpp">
      <Filter>Source Files</Filter>
    </ClCompile>
    <ClCompile Include="..\..\..\..\(+)my_goods\(+)Oxdan_Praduction\Oxdan-Dragon-C\CONSOLE-OXDAN-DRAGON-C\includes\own\includes\chess\chess_ai\tile_chess_ai.cpp">
      <Filter>Source Files</Filter>
    </ClCompile>
    <ClCompile Include="..\..\..\..\(+)my_goods\(+)Oxdan_Praduction\Oxdan-Dragon-C\CONSOLE-OXDAN-DRAGON-C\includes\own\includes\mario\Blocks.cpp">
      <Filter>Source Files</Filter>
    </ClCompile>
    <ClCompile Include="..\..\..\..\(+)my_goods\(+)Oxdan_Praduction\Oxdan-Dragon-C\CONSOLE-OXDAN-DRAGON-C\includes\own\includes\mario\Enemies.cpp">
      <Filter>Source Files</Filter>
    </ClCompile>
    <ClCompile Include="..\..\..\..\(+)my_goods\(+)Oxdan_Praduction\Oxdan-Dragon-C\CONSOLE-OXDAN-DRAGON-C\includes\own\includes\mario\GameEngine.cpp">
      <Filter>Source Files</Filter>
    </ClCompile>
    <ClCompile Include="..\..\..\..\(+)my_goods\(+)Oxdan_Praduction\Oxdan-Dragon-C\CONSOLE-OXDAN-DRAGON-C\includes\own\includes\mario\Geometry.cpp">
      <Filter>Source Files</Filter>
    </ClCompile>
    <ClCompile Include="..\..\..\..\(+)my_goods\(+)Oxdan_Praduction\Oxdan-Dragon-C\CONSOLE-OXDAN-DRAGON-C\includes\own\includes\mario\Items.cpp">
      <Filter>Source Files</Filter>
    </ClCompile>
    <ClCompile Include="..\..\..\..\(+)my_goods\(+)Oxdan_Praduction\Oxdan-Dragon-C\CONSOLE-OXDAN-DRAGON-C\includes\own\includes\mario\Mario.cpp">
      <Filter>Source Files</Filter>
    </ClCompile>
    <ClCompile Include="..\..\..\..\(+)my_goods\(+)Oxdan_Praduction\Oxdan-Dragon-C\CONSOLE-OXDAN-DRAGON-C\includes\own\includes\mario\Pickups.cpp">
      <Filter>Source Files</Filter>
    </ClCompile>
    <ClCompile Include="..\..\..\..\(+)my_goods\(+)Oxdan_Praduction\Oxdan-Dragon-C\CONSOLE-OXDAN-DRAGON-C\includes\own\includes\mario\SuperMarioGame.cpp">
      <Filter>Source Files</Filter>
    </ClCompile>
    <ClCompile Include="..\..\..\..\(+)my_goods\(+)Oxdan_Praduction\Oxdan-Dragon-C\CONSOLE-OXDAN-DRAGON-C\includes\own\injector_prog_start.cpp">
      <Filter>Source Files</Filter>
    </ClCompile>
    <ClCompile Include="..\..\..\..\(+)my_goods\(+)Oxdan_Praduction\Oxdan-Dragon-C\CONSOLE-OXDAN-DRAGON-C\includes\own\installs_start.cpp">
      <Filter>Source Files</Filter>
    </ClCompile>
    <ClCompile Include="..\..\..\..\(+)my_goods\(+)Oxdan_Praduction\Oxdan-Dragon-C\CONSOLE-OXDAN-DRAGON-C\includes\own\instructions.cpp">
      <Filter>Source Files</Filter>
    </ClCompile>
    <ClCompile Include="..\..\..\..\(+)my_goods\(+)Oxdan_Praduction\Oxdan-Dragon-C\CONSOLE-OXDAN-DRAGON-C\includes\own\instructions_rules.cpp">
      <Filter>Source Files</Filter>
    </ClCompile>
    <ClCompile Include="..\..\..\..\(+)my_goods\(+)Oxdan_Praduction\Oxdan-Dragon-C\CONSOLE-OXDAN-DRAGON-C\includes\own\ip_search_start.cpp">
      <Filter>Source Files</Filter>
    </ClCompile>
    <ClCompile Include="..\..\..\..\(+)my_goods\(+)Oxdan_Praduction\Oxdan-Dragon-C\CONSOLE-OXDAN-DRAGON-C\includes\own\ip_start.cpp">
      <Filter>Source Files</Filter>
    </ClCompile>
    <ClCompile Include="..\..\..\..\(+)my_goods\(+)Oxdan_Praduction\Oxdan-Dragon-C\CONSOLE-OXDAN-DRAGON-C\includes\own\links_start.cpp">
      <Filter>Source Files</Filter>
    </ClCompile>
    <ClCompile Include="..\..\..\..\(+)my_goods\(+)Oxdan_Praduction\Oxdan-Dragon-C\CONSOLE-OXDAN-DRAGON-C\includes\own\login.cpp">
      <Filter>Source Files</Filter>
    </ClCompile>
    <ClCompile Include="..\..\..\..\(+)my_goods\(+)Oxdan_Praduction\Oxdan-Dragon-C\CONSOLE-OXDAN-DRAGON-C\includes\own\Main_commands.cpp">
      <Filter>Source Files</Filter>
    </ClCompile>
    <ClCompile Include="..\..\..\..\(+)my_goods\(+)Oxdan_Praduction\Oxdan-Dragon-C\CONSOLE-OXDAN-DRAGON-C\includes\own\main_start_start.cpp">
      <Filter>Source Files</Filter>
    </ClCompile>
    <ClCompile Include="..\..\..\..\(+)my_goods\(+)Oxdan_Praduction\Oxdan-Dragon-C\CONSOLE-OXDAN-DRAGON-C\includes\own\mario_start.cpp">
      <Filter>Source Files</Filter>
    </ClCompile>
    <ClCompile Include="..\..\..\..\(+)my_goods\(+)Oxdan_Praduction\Oxdan-Dragon-C\CONSOLE-OXDAN-DRAGON-C\includes\own\math_game_start.cpp">
      <Filter>Source Files</Filter>
    </ClCompile>
    <ClCompile Include="..\..\..\..\(+)my_goods\(+)Oxdan_Praduction\Oxdan-Dragon-C\CONSOLE-OXDAN-DRAGON-C\includes\own\matrix_start.cpp">
      <Filter>Source Files</Filter>
    </ClCompile>
    <ClCompile Include="..\..\..\..\(+)my_goods\(+)Oxdan_Praduction\Oxdan-Dragon-C\CONSOLE-OXDAN-DRAGON-C\includes\own\memory_start.cpp">
      <Filter>Source Files</Filter>
    </ClCompile>
    <ClCompile Include="..\..\..\..\(+)my_goods\(+)Oxdan_Praduction\Oxdan-Dragon-C\CONSOLE-OXDAN-DRAGON-C\includes\own\morse_code_start.cpp">
      <Filter>Source Files</Filter>
    </ClCompile>
    <ClCompile Include="..\..\..\..\(+)my_goods\(+)Oxdan_Praduction\Oxdan-Dragon-C\CONSOLE-OXDAN-DRAGON-C\includes\own\my_location_start.cpp">
      <Filter>Source Files</Filter>
    </ClCompile>
    <ClCompile Include="..\..\..\..\(+)my_goods\(+)Oxdan_Praduction\Oxdan-Dragon-C\CONSOLE-OXDAN-DRAGON-C\includes\own\my_volume_level.cpp">
      <Filter>Source Files</Filter>
    </ClCompile>
    <ClCompile Include="..\..\..\..\(+)my_goods\(+)Oxdan_Praduction\Oxdan-Dragon-C\CONSOLE-OXDAN-DRAGON-C\includes\own\my_wifi_pas_start.cpp">
      <Filter>Source Files</Filter>
    </ClCompile>
    <ClCompile Include="..\..\..\..\(+)my_goods\(+)Oxdan_Praduction\Oxdan-Dragon-C\CONSOLE-OXDAN-DRAGON-C\includes\own\notepad_start.cpp">
      <Filter>Source Files</Filter>
    </ClCompile>
    <ClCompile Include="..\..\..\..\(+)my_goods\(+)Oxdan_Praduction\Oxdan-Dragon-C\CONSOLE-OXDAN-DRAGON-C\includes\own\open_start.cpp">
      <Filter>Source Files</Filter>
    </ClCompile>
    <ClCompile Include="..\..\..\..\(+)my_goods\(+)Oxdan_Praduction\Oxdan-Dragon-C\CONSOLE-OXDAN-DRAGON-C\includes\own\Own.cpp">
      <Filter>Source Files</Filter>
    </ClCompile>
    <ClCompile Include="..\..\..\..\(+)my_goods\(+)Oxdan_Praduction\Oxdan-Dragon-C\CONSOLE-OXDAN-DRAGON-C\includes\own\pacman_start.cpp">
      <Filter>Source Files</Filter>
    </ClCompile>
    <ClCompile Include="..\..\..\..\(+)my_goods\(+)Oxdan_Praduction\Oxdan-Dragon-C\CONSOLE-OXDAN-DRAGON-C\includes\own\pas_gen_nw_start.cpp">
      <Filter>Source Files</Filter>
    </ClCompile>
    <ClCompile Include="..\..\..\..\(+)my_goods\(+)Oxdan_Praduction\Oxdan-Dragon-C\CONSOLE-OXDAN-DRAGON-C\includes\own\pas_gen_n_start.cpp">
      <Filter>Source Files</Filter>
    </ClCompile>
    <ClCompile Include="..\..\..\..\(+)my_goods\(+)Oxdan_Praduction\Oxdan-Dragon-C\CONSOLE-OXDAN-DRAGON-C\includes\own\pas_gen_u_start.cpp">
      <Filter>Source Files</Filter>
    </ClCompile>
    <ClCompile Include="..\..\..\..\(+)my_goods\(+)Oxdan_Praduction\Oxdan-Dragon-C\CONSOLE-OXDAN-DRAGON-C\includes\own\pas_gen_w_start.cpp">
      <Filter>Source Files</Filter>
    </ClCompile>
    <ClCompile Include="..\..\..\..\(+)my_goods\(+)Oxdan_Praduction\Oxdan-Dragon-C\CONSOLE-OXDAN-DRAGON-C\includes\own\Pictures.cpp">
      <Filter>Source Files</Filter>
    </ClCompile>
    <ClCompile Include="..\..\..\..\(+)my_goods\(+)Oxdan_Praduction\Oxdan-Dragon-C\CONSOLE-OXDAN-DRAGON-C\includes\own\ping_pong_1_start.cpp">
      <Filter>Source Files</Filter>
    </ClCompile>
    <ClCompile Include="..\..\..\..\(+)my_goods\(+)Oxdan_Praduction\Oxdan-Dragon-C\CONSOLE-OXDAN-DRAGON-C\includes\own\ping_pong_2_start.cpp">
      <Filter>Source Files</Filter>
    </ClCompile>
    <ClCompile Include="..\..\..\..\(+)my_goods\(+)Oxdan_Praduction\Oxdan-Dragon-C\CONSOLE-OXDAN-DRAGON-C\includes\own\ping_pong_ai_start.cpp">
      <Filter>Source Files</Filter>
    </ClCompile>
    <ClCompile Include="..\..\..\..\(+)my_goods\(+)Oxdan_Praduction\Oxdan-Dragon-C\CONSOLE-OXDAN-DRAGON-C\includes\own\Pranks.cpp">
      <Filter>Source Files</Filter>
    </ClCompile>
    <ClCompile Include="..\..\..\..\(+)my_goods\(+)Oxdan_Praduction\Oxdan-Dragon-C\CONSOLE-OXDAN-DRAGON-C\includes\own\prank_buttom_no76.cpp">
      <Filter>Source Files</Filter>
    </ClCompile>
    <ClCompile Include="..\..\..\..\(+)my_goods\(+)Oxdan_Praduction\Oxdan-Dragon-C\CONSOLE-OXDAN-DRAGON-C\includes\own\prank_melt_screen_start.cpp">
      <Filter>Source Files</Filter>
    </ClCompile>
    <ClCompile Include="..\..\..\..\(+)my_goods\(+)Oxdan_Praduction\Oxdan-Dragon-C\CONSOLE-OXDAN-DRAGON-C\includes\own\registration.cpp">
      <Filter>Source Files</Filter>
    </ClCompile>
    <ClCompile Include="..\..\..\..\(+)my_goods\(+)Oxdan_Praduction\Oxdan-Dragon-C\CONSOLE-OXDAN-DRAGON-C\includes\own\screen_recorder.cpp">
      <Filter>Source Files</Filter>
    </ClCompile>
    <ClCompile Include="..\..\..\..\(+)my_goods\(+)Oxdan_Praduction\Oxdan-Dragon-C\CONSOLE-OXDAN-DRAGON-C\includes\own\send_ph_message_start.cpp">
      <Filter>Source Files</Filter>
    </ClCompile>
    <ClCompile Include="..\..\..\..\(+)my_goods\(+)Oxdan_Praduction\Oxdan-Dragon-C\CONSOLE-OXDAN-DRAGON-C\includes\own\Serious.cpp">
      <Filter>Source Files</Filter>
    </ClCompile>
    <ClCompile Include="..\..\..\..\(+)my_goods\(+)Oxdan_Praduction\Oxdan-Dragon-C\CONSOLE-OXDAN-DRAGON-C\includes\own\SetWindow.cpp">
      <Filter>Source Files</Filter>
    </ClCompile>
    <ClCompile Include="..\..\..\..\(+)my_goods\(+)Oxdan_Praduction\Oxdan-Dragon-C\CONSOLE-OXDAN-DRAGON-C\includes\own\set_volume_level_start.cpp">
      <Filter>Source Files</Filter>
    </ClCompile>
    <ClCompile Include="..\..\..\..\(+)my_goods\(+)Oxdan_Praduction\Oxdan-Dragon-C\CONSOLE-OXDAN-DRAGON-C\includes\own\show_messagebox.cpp">
      <Filter>Source Files</Filter>
    </ClCompile>
    <ClCompile Include="..\..\..\..\(+)my_goods\(+)Oxdan_Praduction\Oxdan-Dragon-C\CONSOLE-OXDAN-DRAGON-C\includes\own\show_messagebox778.cpp">
      <Filter>Source Files</Filter>
    </ClCompile>
    <ClCompile Include="..\..\..\..\(+)my_goods\(+)Oxdan_Praduction\Oxdan-Dragon-C\CONSOLE-OXDAN-DRAGON-C\includes\own\snake_1_start.cpp">
      <Filter>Source Files</Filter>
    </ClCompile>
    <ClCompile Include="..\..\..\..\(+)my_goods\(+)Oxdan_Praduction\Oxdan-Dragon-C\CONSOLE-OXDAN-DRAGON-C\includes\own\snake_2_start.cpp">
      <Filter>Source Files</Filter>
    </ClCompile>
    <ClCompile Include="..\..\..\..\(+)my_goods\(+)Oxdan_Praduction\Oxdan-Dragon-C\CONSOLE-OXDAN-DRAGON-C\includes\own\snake_ai_start.cpp">
      <Filter>Source Files</Filter>
    </ClCompile>
    <ClCompile Include="..\..\..\..\(+)my_goods\(+)Oxdan_Praduction\Oxdan-Dragon-C\CONSOLE-OXDAN-DRAGON-C\includes\own\space_shooter_start.cpp">
      <Filter>Source Files</Filter>
    </ClCompile>
    <ClCompile Include="..\..\..\..\(+)my_goods\(+)Oxdan_Praduction\Oxdan-Dragon-C\CONSOLE-OXDAN-DRAGON-C\includes\own\start_2048_start.cpp">
      <Filter>Source Files</Filter>
    </ClCompile>
    <ClCompile Include="..\..\..\..\(+)my_goods\(+)Oxdan_Praduction\Oxdan-Dragon-C\CONSOLE-OXDAN-DRAGON-C\includes\own\start_start.cpp">
      <Filter>Source Files</Filter>
    </ClCompile>
    <ClCompile Include="..\..\..\..\(+)my_goods\(+)Oxdan_Praduction\Oxdan-Dragon-C\CONSOLE-OXDAN-DRAGON-C\includes\own\stopwatch_start.cpp">
      <Filter>Source Files</Filter>
    </ClCompile>
    <ClCompile Include="..\..\..\..\(+)my_goods\(+)Oxdan_Praduction\Oxdan-Dragon-C\CONSOLE-OXDAN-DRAGON-C\includes\own\system_info_start.cpp">
      <Filter>Source Files</Filter>
    </ClCompile>
    <ClCompile Include="..\..\..\..\(+)my_goods\(+)Oxdan_Praduction\Oxdan-Dragon-C\CONSOLE-OXDAN-DRAGON-C\includes\own\tetris_start.cpp">
      <Filter>Source Files</Filter>
    </ClCompile>
    <ClCompile Include="..\..\..\..\(+)my_goods\(+)Oxdan_Praduction\Oxdan-Dragon-C\CONSOLE-OXDAN-DRAGON-C\includes\own\tic_tac_toe_2_start.cpp">
      <Filter>Source Files</Filter>
    </ClCompile>
    <ClCompile Include="..\..\..\..\(+)my_goods\(+)Oxdan_Praduction\Oxdan-Dragon-C\CONSOLE-OXDAN-DRAGON-C\includes\own\tic_tac_toe_ai_start.cpp">
      <Filter>Source Files</Filter>
    </ClCompile>
    <ClCompile Include="..\..\..\..\(+)my_goods\(+)Oxdan_Praduction\Oxdan-Dragon-C\CONSOLE-OXDAN-DRAGON-C\includes\own\timer_start.cpp">
      <Filter>Source Files</Filter>
    </ClCompile>
    <ClCompile Include="..\..\..\..\(+)my_goods\(+)Oxdan_Praduction\Oxdan-Dragon-C\CONSOLE-OXDAN-DRAGON-C\includes\own\time_start.cpp">
      <Filter>Source Files</Filter>
    </ClCompile>
    <ClCompile Include="..\..\..\..\(+)my_goods\(+)Oxdan_Praduction\Oxdan-Dragon-C\CONSOLE-OXDAN-DRAGON-C\includes\own\tips_start.cpp">
      <Filter>Source Files</Filter>
    </ClCompile>
    <ClCompile Include="..\..\..\..\(+)my_goods\(+)Oxdan_Praduction\Oxdan-Dragon-C\CONSOLE-OXDAN-DRAGON-C\includes\own\typing_tutor_start.cpp">
      <Filter>Source Files</Filter>
    </ClCompile>
    <ClCompile Include="..\..\..\..\(+)my_goods\(+)Oxdan_Praduction\Oxdan-Dragon-C\CONSOLE-OXDAN-DRAGON-C\includes\own\ukaraine_start.cpp">
      <Filter>Source Files</Filter>
    </ClCompile>
    <ClCompile Include="..\..\..\..\(+)my_goods\(+)Oxdan_Praduction\Oxdan-Dragon-C\CONSOLE-OXDAN-DRAGON-C\includes\own\video_recorder_start.cpp">
      <Filter>Source Files</Filter>
    </ClCompile>
    <ClCompile Include="..\..\..\..\(+)my_goods\(+)Oxdan_Praduction\Oxdan-Dragon-C\CONSOLE-OXDAN-DRAGON-C\includes\own\wifi_hack_start.cpp">
      <Filter>Source Files</Filter>
    </ClCompile>
    <ClCompile Include="includes\own\d_price_calc_start.cpp">
      <Filter>Source Files</Filter>
    </ClCompile>
    <ClCompile Include="includes\own\chat_start.cpp">
      <Filter>Source Files</Filter>
    </ClCompile>
    <ClCompile Include="includes\own\my_accounts_start.cpp">
      <Filter>Source Files</Filter>
    </ClCompile>
  </ItemGroup>
  <ItemGroup>
    <ClInclude Include="..\..\..\..\(+)my_goods\(+)Oxdan_Praduction\Oxdan-Dragon-C\CONSOLE-OXDAN-DRAGON-C\includes\own\all_diclarations.h">
      <Filter>Header Files</Filter>
    </ClInclude>
    <ClInclude Include="..\..\..\..\(+)my_goods\(+)Oxdan_Praduction\Oxdan-Dragon-C\CONSOLE-OXDAN-DRAGON-C\includes\own\arkanoid_Ball.h">
      <Filter>Header Files</Filter>
    </ClInclude>
    <ClInclude Include="..\..\..\..\(+)my_goods\(+)Oxdan_Praduction\Oxdan-Dragon-C\CONSOLE-OXDAN-DRAGON-C\includes\own\arkanoid_Brick.h">
      <Filter>Header Files</Filter>
    </ClInclude>
    <ClInclude Include="..\..\..\..\(+)my_goods\(+)Oxdan_Praduction\Oxdan-Dragon-C\CONSOLE-OXDAN-DRAGON-C\includes\own\arkanoid_vars.h">
      <Filter>Header Files</Filter>
    </ClInclude>
    <ClInclude Include="..\..\..\..\(+)my_goods\(+)Oxdan_Praduction\Oxdan-Dragon-C\CONSOLE-OXDAN-DRAGON-C\includes\own\Base4ConsoleGames.hpp">
      <Filter>Header Files</Filter>
    </ClInclude>
    <ClInclude Include="..\..\..\..\(+)my_goods\(+)Oxdan_Praduction\Oxdan-Dragon-C\CONSOLE-OXDAN-DRAGON-C\includes\own\game_tetris.hpp">
      <Filter>Header Files</Filter>
    </ClInclude>
    <ClInclude Include="..\..\..\..\(+)my_goods\(+)Oxdan_Praduction\Oxdan-Dragon-C\CONSOLE-OXDAN-DRAGON-C\includes\own\includes\battle_city\source\Application_battle_city.h">
      <Filter>Header Files</Filter>
    </ClInclude>
    <ClInclude Include="..\..\..\..\(+)my_goods\(+)Oxdan_Praduction\Oxdan-Dragon-C\CONSOLE-OXDAN-DRAGON-C\includes\own\includes\battle_city\source\Base_battle_city.h">
      <Filter>Header Files</Filter>
    </ClInclude>
    <ClInclude Include="..\..\..\..\(+)my_goods\(+)Oxdan_Praduction\Oxdan-Dragon-C\CONSOLE-OXDAN-DRAGON-C\includes\own\includes\battle_city\source\Bullet_battle_city.h">
      <Filter>Header Files</Filter>
    </ClInclude>
    <ClInclude Include="..\..\..\..\(+)my_goods\(+)Oxdan_Praduction\Oxdan-Dragon-C\CONSOLE-OXDAN-DRAGON-C\includes\own\includes\battle_city\source\Enemy_battle_city.h">
      <Filter>Header Files</Filter>
    </ClInclude>
    <ClInclude Include="..\..\..\..\(+)my_goods\(+)Oxdan_Praduction\Oxdan-Dragon-C\CONSOLE-OXDAN-DRAGON-C\includes\own\includes\battle_city\source\level_give.h">
      <Filter>Header Files</Filter>
    </ClInclude>
    <ClInclude Include="..\..\..\..\(+)my_goods\(+)Oxdan_Praduction\Oxdan-Dragon-C\CONSOLE-OXDAN-DRAGON-C\includes\own\includes\battle_city\source\Map_battle_city.h">
      <Filter>Header Files</Filter>
    </ClInclude>
    <ClInclude Include="..\..\..\..\(+)my_goods\(+)Oxdan_Praduction\Oxdan-Dragon-C\CONSOLE-OXDAN-DRAGON-C\includes\own\includes\battle_city\source\Message_battle_city.h">
      <Filter>Header Files</Filter>
    </ClInclude>
    <ClInclude Include="..\..\..\..\(+)my_goods\(+)Oxdan_Praduction\Oxdan-Dragon-C\CONSOLE-OXDAN-DRAGON-C\includes\own\includes\battle_city\source\Player_battle_city.h">
      <Filter>Header Files</Filter>
    </ClInclude>
    <ClInclude Include="..\..\..\..\(+)my_goods\(+)Oxdan_Praduction\Oxdan-Dragon-C\CONSOLE-OXDAN-DRAGON-C\includes\own\includes\battle_city\source\Tank_battle_city.h">
      <Filter>Header Files</Filter>
    </ClInclude>
    <ClInclude Include="..\..\..\..\(+)my_goods\(+)Oxdan_Praduction\Oxdan-Dragon-C\CONSOLE-OXDAN-DRAGON-C\includes\own\includes\checkers\checkers_2\Checker.h">
      <Filter>Header Files</Filter>
    </ClInclude>
    <ClInclude Include="..\..\..\..\(+)my_goods\(+)Oxdan_Praduction\Oxdan-Dragon-C\CONSOLE-OXDAN-DRAGON-C\includes\own\includes\checkers\checkers_2\Highlight.h">
      <Filter>Header Files</Filter>
    </ClInclude>
    <ClInclude Include="..\..\..\..\(+)my_goods\(+)Oxdan_Praduction\Oxdan-Dragon-C\CONSOLE-OXDAN-DRAGON-C\includes\own\includes\checkers\checkers_2\Square.h">
      <Filter>Header Files</Filter>
    </ClInclude>
    <ClInclude Include="..\..\..\..\(+)my_goods\(+)Oxdan_Praduction\Oxdan-Dragon-C\CONSOLE-OXDAN-DRAGON-C\includes\own\includes\checkers\checkers_ai\AI_checkers.h">
      <Filter>Header Files</Filter>
    </ClInclude>
    <ClInclude Include="..\..\..\..\(+)my_goods\(+)Oxdan_Praduction\Oxdan-Dragon-C\CONSOLE-OXDAN-DRAGON-C\includes\own\includes\checkers\checkers_ai\ApplicationStateManager_checkers.h">
      <Filter>Header Files</Filter>
    </ClInclude>
    <ClInclude Include="..\..\..\..\(+)my_goods\(+)Oxdan_Praduction\Oxdan-Dragon-C\CONSOLE-OXDAN-DRAGON-C\includes\own\includes\checkers\checkers_ai\ApplicationState_checkers.h">
      <Filter>Header Files</Filter>
    </ClInclude>
    <ClInclude Include="..\..\..\..\(+)my_goods\(+)Oxdan_Praduction\Oxdan-Dragon-C\CONSOLE-OXDAN-DRAGON-C\includes\own\includes\checkers\checkers_ai\Application_checkers.h">
      <Filter>Header Files</Filter>
    </ClInclude>
    <ClInclude Include="..\..\..\..\(+)my_goods\(+)Oxdan_Praduction\Oxdan-Dragon-C\CONSOLE-OXDAN-DRAGON-C\includes\own\includes\checkers\checkers_ai\Button_checkers.h">
      <Filter>Header Files</Filter>
    </ClInclude>
    <ClInclude Include="..\..\..\..\(+)my_goods\(+)Oxdan_Praduction\Oxdan-Dragon-C\CONSOLE-OXDAN-DRAGON-C\includes\own\includes\checkers\checkers_ai\CheckersBoard_checkers.h">
      <Filter>Header Files</Filter>
    </ClInclude>
    <ClInclude Include="..\..\..\..\(+)my_goods\(+)Oxdan_Praduction\Oxdan-Dragon-C\CONSOLE-OXDAN-DRAGON-C\includes\own\includes\checkers\checkers_ai\GameOverState_checkers.h">
      <Filter>Header Files</Filter>
    </ClInclude>
    <ClInclude Include="..\..\..\..\(+)my_goods\(+)Oxdan_Praduction\Oxdan-Dragon-C\CONSOLE-OXDAN-DRAGON-C\includes\own\includes\checkers\checkers_ai\GameState_checkers.h">
      <Filter>Header Files</Filter>
    </ClInclude>
    <ClInclude Include="..\..\..\..\(+)my_goods\(+)Oxdan_Praduction\Oxdan-Dragon-C\CONSOLE-OXDAN-DRAGON-C\includes\own\includes\checkers\checkers_ai\MenuState_checkers.h">
      <Filter>Header Files</Filter>
    </ClInclude>
    <ClInclude Include="..\..\..\..\(+)my_goods\(+)Oxdan_Praduction\Oxdan-Dragon-C\CONSOLE-OXDAN-DRAGON-C\includes\own\includes\checkers\checkers_ai\Piece_checkers.h">
      <Filter>Header Files</Filter>
    </ClInclude>
    <ClInclude Include="..\..\..\..\(+)my_goods\(+)Oxdan_Praduction\Oxdan-Dragon-C\CONSOLE-OXDAN-DRAGON-C\includes\own\includes\checkers\checkers_ai\Player_checkers.h">
      <Filter>Header Files</Filter>
    </ClInclude>
    <ClInclude Include="..\..\..\..\(+)my_goods\(+)Oxdan_Praduction\Oxdan-Dragon-C\CONSOLE-OXDAN-DRAGON-C\includes\own\includes\checkers\checkers_ai\RealPlayer_checkers.h">
      <Filter>Header Files</Filter>
    </ClInclude>
    <ClInclude Include="..\..\..\..\(+)my_goods\(+)Oxdan_Praduction\Oxdan-Dragon-C\CONSOLE-OXDAN-DRAGON-C\includes\own\includes\checkers\checkers_ai\Texture_checkers.h">
      <Filter>Header Files</Filter>
    </ClInclude>
    <ClInclude Include="..\..\..\..\(+)my_goods\(+)Oxdan_Praduction\Oxdan-Dragon-C\CONSOLE-OXDAN-DRAGON-C\includes\own\includes\chess\chess_2\Bishop.h">
      <Filter>Header Files</Filter>
    </ClInclude>
    <ClInclude Include="..\..\..\..\(+)my_goods\(+)Oxdan_Praduction\Oxdan-Dragon-C\CONSOLE-OXDAN-DRAGON-C\includes\own\includes\chess\chess_2\chess.h">
      <Filter>Header Files</Filter>
    </ClInclude>
    <ClInclude Include="..\..\..\..\(+)my_goods\(+)Oxdan_Praduction\Oxdan-Dragon-C\CONSOLE-OXDAN-DRAGON-C\includes\own\includes\chess\chess_2\gui_sfml.h">
      <Filter>Header Files</Filter>
    </ClInclude>
    <ClInclude Include="..\..\..\..\(+)my_goods\(+)Oxdan_Praduction\Oxdan-Dragon-C\CONSOLE-OXDAN-DRAGON-C\includes\own\includes\chess\chess_2\IPiece.h">
      <Filter>Header Files</Filter>
    </ClInclude>
    <ClInclude Include="..\..\..\..\(+)my_goods\(+)Oxdan_Praduction\Oxdan-Dragon-C\CONSOLE-OXDAN-DRAGON-C\includes\own\includes\chess\chess_2\King.h">
      <Filter>Header Files</Filter>
    </ClInclude>
    <ClInclude Include="..\..\..\..\(+)my_goods\(+)Oxdan_Praduction\Oxdan-Dragon-C\CONSOLE-OXDAN-DRAGON-C\includes\own\includes\chess\chess_2\Knight.h">
      <Filter>Header Files</Filter>
    </ClInclude>
    <ClInclude Include="..\..\..\..\(+)my_goods\(+)Oxdan_Praduction\Oxdan-Dragon-C\CONSOLE-OXDAN-DRAGON-C\includes\own\includes\chess\chess_2\Pawn.h">
      <Filter>Header Files</Filter>
    </ClInclude>
    <ClInclude Include="..\..\..\..\(+)my_goods\(+)Oxdan_Praduction\Oxdan-Dragon-C\CONSOLE-OXDAN-DRAGON-C\includes\own\includes\chess\chess_2\Queen.h">
      <Filter>Header Files</Filter>
    </ClInclude>
    <ClInclude Include="..\..\..\..\(+)my_goods\(+)Oxdan_Praduction\Oxdan-Dragon-C\CONSOLE-OXDAN-DRAGON-C\includes\own\includes\chess\chess_2\Rook.h">
      <Filter>Header Files</Filter>
    </ClInclude>
    <ClInclude Include="..\..\..\..\(+)my_goods\(+)Oxdan_Praduction\Oxdan-Dragon-C\CONSOLE-OXDAN-DRAGON-C\includes\own\includes\chess\chess_2\Space.h">
      <Filter>Header Files</Filter>
    </ClInclude>
    <ClInclude Include="..\..\..\..\(+)my_goods\(+)Oxdan_Praduction\Oxdan-Dragon-C\CONSOLE-OXDAN-DRAGON-C\includes\own\includes\chess\chess_ai\board_chess_ai.hpp">
      <Filter>Header Files</Filter>
    </ClInclude>
    <ClInclude Include="..\..\..\..\(+)my_goods\(+)Oxdan_Praduction\Oxdan-Dragon-C\CONSOLE-OXDAN-DRAGON-C\includes\own\includes\chess\chess_ai\defs_chess_ai.hpp">
      <Filter>Header Files</Filter>
    </ClInclude>
    <ClInclude Include="..\..\..\..\(+)my_goods\(+)Oxdan_Praduction\Oxdan-Dragon-C\CONSOLE-OXDAN-DRAGON-C\includes\own\includes\chess\chess_ai\gui_chess_ai.hpp">
      <Filter>Header Files</Filter>
    </ClInclude>
    <ClInclude Include="..\..\..\..\(+)my_goods\(+)Oxdan_Praduction\Oxdan-Dragon-C\CONSOLE-OXDAN-DRAGON-C\includes\own\includes\chess\chess_ai\piece_chess_chess_ai.hpp">
      <Filter>Header Files</Filter>
    </ClInclude>
    <ClInclude Include="..\..\..\..\(+)my_goods\(+)Oxdan_Praduction\Oxdan-Dragon-C\CONSOLE-OXDAN-DRAGON-C\includes\own\includes\chess\chess_ai\tile_chess_ai.hpp">
      <Filter>Header Files</Filter>
    </ClInclude>
    <ClInclude Include="..\..\..\..\(+)my_goods\(+)Oxdan_Praduction\Oxdan-Dragon-C\CONSOLE-OXDAN-DRAGON-C\includes\own\includes\chess\chess_ai\utils_chess_ai.hpp">
      <Filter>Header Files</Filter>
    </ClInclude>
    <ClInclude Include="..\..\..\..\(+)my_goods\(+)Oxdan_Praduction\Oxdan-Dragon-C\CONSOLE-OXDAN-DRAGON-C\includes\own\includes\mario\Blocks.h">
      <Filter>Header Files</Filter>
    </ClInclude>
    <ClInclude Include="..\..\..\..\(+)my_goods\(+)Oxdan_Praduction\Oxdan-Dragon-C\CONSOLE-OXDAN-DRAGON-C\includes\own\includes\mario\Enemies.h">
      <Filter>Header Files</Filter>
    </ClInclude>
    <ClInclude Include="..\..\..\..\(+)my_goods\(+)Oxdan_Praduction\Oxdan-Dragon-C\CONSOLE-OXDAN-DRAGON-C\includes\own\includes\mario\GameEngine.h">
      <Filter>Header Files</Filter>
    </ClInclude>
    <ClInclude Include="..\..\..\..\(+)my_goods\(+)Oxdan_Praduction\Oxdan-Dragon-C\CONSOLE-OXDAN-DRAGON-C\includes\own\includes\mario\Geometry.h">
      <Filter>Header Files</Filter>
    </ClInclude>
    <ClInclude Include="..\..\..\..\(+)my_goods\(+)Oxdan_Praduction\Oxdan-Dragon-C\CONSOLE-OXDAN-DRAGON-C\includes\own\includes\mario\Items.h">
      <Filter>Header Files</Filter>
    </ClInclude>
    <ClInclude Include="..\..\..\..\(+)my_goods\(+)Oxdan_Praduction\Oxdan-Dragon-C\CONSOLE-OXDAN-DRAGON-C\includes\own\includes\mario\Mario.h">
      <Filter>Header Files</Filter>
    </ClInclude>
    <ClInclude Include="..\..\..\..\(+)my_goods\(+)Oxdan_Praduction\Oxdan-Dragon-C\CONSOLE-OXDAN-DRAGON-C\includes\own\includes\mario\Pickups.h">
      <Filter>Header Files</Filter>
    </ClInclude>
    <ClInclude Include="..\..\..\..\(+)my_goods\(+)Oxdan_Praduction\Oxdan-Dragon-C\CONSOLE-OXDAN-DRAGON-C\includes\own\includes\mario\SuperMarioGame.h">
      <Filter>Header Files</Filter>
    </ClInclude>
    <ClInclude Include="..\..\..\..\(+)my_goods\(+)Oxdan_Praduction\Oxdan-Dragon-C\CONSOLE-OXDAN-DRAGON-C\includes\own\includes\mario\TileMap.h">
      <Filter>Header Files</Filter>
    </ClInclude>
    <ClInclude Include="..\..\..\..\(+)my_goods\(+)Oxdan_Praduction\Oxdan-Dragon-C\CONSOLE-OXDAN-DRAGON-C\includes\own\resource.h">
      <Filter>Header Files</Filter>
    </ClInclude>
    <ClInclude Include="..\..\..\..\(+)my_goods\(+)Oxdan_Praduction\Oxdan-Dragon-C\CONSOLE-OXDAN-DRAGON-C\includes\own\resource1.h">
      <Filter>Header Files</Filter>
    </ClInclude>
    <ClInclude Include="..\..\..\..\(+)my_goods\(+)Oxdan_Praduction\Oxdan-Dragon-C\CONSOLE-OXDAN-DRAGON-C\includes\own\resource2.h">
      <Filter>Header Files</Filter>
    </ClInclude>
    <ClInclude Include="..\..\..\..\(+)my_goods\(+)Oxdan_Praduction\Oxdan-Dragon-C\CONSOLE-OXDAN-DRAGON-C\includes\own\resource3.h">
      <Filter>Header Files</Filter>
    </ClInclude>
    <ClInclude Include="..\..\..\..\(+)my_goods\(+)Oxdan_Praduction\Oxdan-Dragon-C\CONSOLE-OXDAN-DRAGON-C\includes\own\resource4.h">
      <Filter>Header Files</Filter>
    </ClInclude>
    <ClInclude Include="..\..\..\..\(+)my_goods\(+)Oxdan_Praduction\Oxdan-Dragon-C\CONSOLE-OXDAN-DRAGON-C\includes\own\resource5.h">
      <Filter>Header Files</Filter>
    </ClInclude>
    <ClInclude Include="..\..\..\..\(+)my_goods\(+)Oxdan_Praduction\Oxdan-Dragon-C\CONSOLE-OXDAN-DRAGON-C\includes\own\show_messagebox.h">
      <Filter>Header Files</Filter>
    </ClInclude>
    <ClInclude Include="..\..\..\..\(+)my_goods\(+)Oxdan_Praduction\Oxdan-Dragon-C\CONSOLE-OXDAN-DRAGON-C\includes\own\show_messagebox778.h">
      <Filter>Header Files</Filter>
    </ClInclude>
  </ItemGroup>
  <ItemGroup>
    <ResourceCompile Include="..\..\..\..\(+)my_goods\(+)Oxdan_Praduction\Oxdan-Dragon-C\CONSOLE-OXDAN-DRAGON-C\CONSOLE-OXDAN-DRAGON-C++.rc">
      <Filter>Resource Files</Filter>
    </ResourceCompile>
  </ItemGroup>
</Project>